// !$*UTF8*$!
{
	archiveVersion = 1;
	classes = {
	};
	objectVersion = 50;
	objects = {

/* Begin PBXBuildFile section */
		5C41A22122A6656F0097BC99 /* AppDelegate.swift in Sources */ = {isa = PBXBuildFile; fileRef = 5C41A22022A6656F0097BC99 /* AppDelegate.swift */; };
		5C41A22322A6656F0097BC99 /* ViewController.swift in Sources */ = {isa = PBXBuildFile; fileRef = 5C41A22222A6656F0097BC99 /* ViewController.swift */; };
		5C41A22622A6656F0097BC99 /* Main.storyboard in Resources */ = {isa = PBXBuildFile; fileRef = 5C41A22422A6656F0097BC99 /* Main.storyboard */; };
		5C41A22822A665720097BC99 /* Assets.xcassets in Resources */ = {isa = PBXBuildFile; fileRef = 5C41A22722A665720097BC99 /* Assets.xcassets */; };
		5C41A22B22A665720097BC99 /* LaunchScreen.storyboard in Resources */ = {isa = PBXBuildFile; fileRef = 5C41A22922A665720097BC99 /* LaunchScreen.storyboard */; };
		5C41A23622A665730097BC99 /* StoryIotDemoTests.swift in Sources */ = {isa = PBXBuildFile; fileRef = 5C41A23522A665730097BC99 /* StoryIotDemoTests.swift */; };
		5C41A24222A6675E0097BC99 /* AuthCredentials.plist in Resources */ = {isa = PBXBuildFile; fileRef = 5C41A24122A6675E0097BC99 /* AuthCredentials.plist */; };
		5E34B46A9BFE865FA226E70F /* Pods_StoryIotDemoTests.framework in Frameworks */ = {isa = PBXBuildFile; fileRef = FD2D68357C689F4A2E2B088A /* Pods_StoryIotDemoTests.framework */; };
		D85881E270EB4EA4C86E48D9 /* Pods_StoryIotDemo.framework in Frameworks */ = {isa = PBXBuildFile; fileRef = 084C423C3DEA0F1466C745DC /* Pods_StoryIotDemo.framework */; };
/* End PBXBuildFile section */

/* Begin PBXContainerItemProxy section */
		5C41A23222A665730097BC99 /* PBXContainerItemProxy */ = {
			isa = PBXContainerItemProxy;
			containerPortal = 5C41A21522A6656F0097BC99 /* Project object */;
			proxyType = 1;
			remoteGlobalIDString = 5C41A21C22A6656F0097BC99;
			remoteInfo = StoryIotDemo;
		};
/* End PBXContainerItemProxy section */

/* Begin PBXFileReference section */
		084C423C3DEA0F1466C745DC /* Pods_StoryIotDemo.framework */ = {isa = PBXFileReference; explicitFileType = wrapper.framework; includeInIndex = 0; path = Pods_StoryIotDemo.framework; sourceTree = BUILT_PRODUCTS_DIR; };
		5C41A21D22A6656F0097BC99 /* StoryIotDemo.app */ = {isa = PBXFileReference; explicitFileType = wrapper.application; includeInIndex = 0; path = StoryIotDemo.app; sourceTree = BUILT_PRODUCTS_DIR; };
		5C41A22022A6656F0097BC99 /* AppDelegate.swift */ = {isa = PBXFileReference; lastKnownFileType = sourcecode.swift; path = AppDelegate.swift; sourceTree = "<group>"; };
		5C41A22222A6656F0097BC99 /* ViewController.swift */ = {isa = PBXFileReference; lastKnownFileType = sourcecode.swift; path = ViewController.swift; sourceTree = "<group>"; };
		5C41A22522A6656F0097BC99 /* Base */ = {isa = PBXFileReference; lastKnownFileType = file.storyboard; name = Base; path = Base.lproj/Main.storyboard; sourceTree = "<group>"; };
		5C41A22722A665720097BC99 /* Assets.xcassets */ = {isa = PBXFileReference; lastKnownFileType = folder.assetcatalog; path = Assets.xcassets; sourceTree = "<group>"; };
		5C41A22A22A665720097BC99 /* Base */ = {isa = PBXFileReference; lastKnownFileType = file.storyboard; name = Base; path = Base.lproj/LaunchScreen.storyboard; sourceTree = "<group>"; };
		5C41A22C22A665720097BC99 /* Info.plist */ = {isa = PBXFileReference; lastKnownFileType = text.plist.xml; path = Info.plist; sourceTree = "<group>"; };
		5C41A23122A665730097BC99 /* StoryIotDemoTests.xctest */ = {isa = PBXFileReference; explicitFileType = wrapper.cfbundle; includeInIndex = 0; path = StoryIotDemoTests.xctest; sourceTree = BUILT_PRODUCTS_DIR; };
		5C41A23522A665730097BC99 /* StoryIotDemoTests.swift */ = {isa = PBXFileReference; lastKnownFileType = sourcecode.swift; path = StoryIotDemoTests.swift; sourceTree = "<group>"; };
		5C41A23722A665730097BC99 /* Info.plist */ = {isa = PBXFileReference; lastKnownFileType = text.plist.xml; path = Info.plist; sourceTree = "<group>"; };
		5C41A24122A6675E0097BC99 /* AuthCredentials.plist */ = {isa = PBXFileReference; fileEncoding = 4; lastKnownFileType = text.plist.xml; path = AuthCredentials.plist; sourceTree = "<group>"; };
		67D02BFBFA35168D835BD3C7 /* Pods-StoryIotDemoTests.debug.xcconfig */ = {isa = PBXFileReference; includeInIndex = 1; lastKnownFileType = text.xcconfig; name = "Pods-StoryIotDemoTests.debug.xcconfig"; path = "Target Support Files/Pods-StoryIotDemoTests/Pods-StoryIotDemoTests.debug.xcconfig"; sourceTree = "<group>"; };
		694C965A7B9F3BC1A139D8D9 /* Pods-StoryIotDemoTests.release.xcconfig */ = {isa = PBXFileReference; includeInIndex = 1; lastKnownFileType = text.xcconfig; name = "Pods-StoryIotDemoTests.release.xcconfig"; path = "Target Support Files/Pods-StoryIotDemoTests/Pods-StoryIotDemoTests.release.xcconfig"; sourceTree = "<group>"; };
		7EFAE58615B69C2D8882E240 /* Pods-StoryIotDemo.release.xcconfig */ = {isa = PBXFileReference; includeInIndex = 1; lastKnownFileType = text.xcconfig; name = "Pods-StoryIotDemo.release.xcconfig"; path = "Target Support Files/Pods-StoryIotDemo/Pods-StoryIotDemo.release.xcconfig"; sourceTree = "<group>"; };
		B55B3225F2E4605E26E61CE3 /* Pods-StoryIotDemo.debug.xcconfig */ = {isa = PBXFileReference; includeInIndex = 1; lastKnownFileType = text.xcconfig; name = "Pods-StoryIotDemo.debug.xcconfig"; path = "Target Support Files/Pods-StoryIotDemo/Pods-StoryIotDemo.debug.xcconfig"; sourceTree = "<group>"; };
		FD2D68357C689F4A2E2B088A /* Pods_StoryIotDemoTests.framework */ = {isa = PBXFileReference; explicitFileType = wrapper.framework; includeInIndex = 0; path = Pods_StoryIotDemoTests.framework; sourceTree = BUILT_PRODUCTS_DIR; };
/* End PBXFileReference section */

/* Begin PBXFrameworksBuildPhase section */
		5C41A21A22A6656F0097BC99 /* Frameworks */ = {
			isa = PBXFrameworksBuildPhase;
			buildActionMask = 2147483647;
			files = (
				D85881E270EB4EA4C86E48D9 /* Pods_StoryIotDemo.framework in Frameworks */,
			);
			runOnlyForDeploymentPostprocessing = 0;
		};
		5C41A22E22A665730097BC99 /* Frameworks */ = {
			isa = PBXFrameworksBuildPhase;
			buildActionMask = 2147483647;
			files = (
				5E34B46A9BFE865FA226E70F /* Pods_StoryIotDemoTests.framework in Frameworks */,
			);
			runOnlyForDeploymentPostprocessing = 0;
		};
/* End PBXFrameworksBuildPhase section */

/* Begin PBXGroup section */
		12C9635002C5B7170B8BB9B9 /* Frameworks */ = {
			isa = PBXGroup;
			children = (
				084C423C3DEA0F1466C745DC /* Pods_StoryIotDemo.framework */,
				FD2D68357C689F4A2E2B088A /* Pods_StoryIotDemoTests.framework */,
			);
			name = Frameworks;
			sourceTree = "<group>";
		};
		5C41A21422A6656F0097BC99 = {
			isa = PBXGroup;
			children = (
				5C41A21F22A6656F0097BC99 /* StoryIotDemo */,
				5C41A23422A665730097BC99 /* StoryIotDemoTests */,
				5C41A21E22A6656F0097BC99 /* Products */,
				666D8DF5409112A6B54371DC /* Pods */,
				12C9635002C5B7170B8BB9B9 /* Frameworks */,
			);
			sourceTree = "<group>";
		};
		5C41A21E22A6656F0097BC99 /* Products */ = {
			isa = PBXGroup;
			children = (
				5C41A21D22A6656F0097BC99 /* StoryIotDemo.app */,
				5C41A23122A665730097BC99 /* StoryIotDemoTests.xctest */,
			);
			name = Products;
			sourceTree = "<group>";
		};
		5C41A21F22A6656F0097BC99 /* StoryIotDemo */ = {
			isa = PBXGroup;
			children = (
				5C41A22022A6656F0097BC99 /* AppDelegate.swift */,
				5C41A22222A6656F0097BC99 /* ViewController.swift */,
				5C41A22422A6656F0097BC99 /* Main.storyboard */,
				5C41A22722A665720097BC99 /* Assets.xcassets */,
				5C41A22922A665720097BC99 /* LaunchScreen.storyboard */,
				5C41A24122A6675E0097BC99 /* AuthCredentials.plist */,
				5C41A22C22A665720097BC99 /* Info.plist */,
			);
			path = StoryIotDemo;
			sourceTree = "<group>";
		};
		5C41A23422A665730097BC99 /* StoryIotDemoTests */ = {
			isa = PBXGroup;
			children = (
				5C41A23522A665730097BC99 /* StoryIotDemoTests.swift */,
				5C41A23722A665730097BC99 /* Info.plist */,
			);
			path = StoryIotDemoTests;
			sourceTree = "<group>";
		};
		666D8DF5409112A6B54371DC /* Pods */ = {
			isa = PBXGroup;
			children = (
				B55B3225F2E4605E26E61CE3 /* Pods-StoryIotDemo.debug.xcconfig */,
				7EFAE58615B69C2D8882E240 /* Pods-StoryIotDemo.release.xcconfig */,
				67D02BFBFA35168D835BD3C7 /* Pods-StoryIotDemoTests.debug.xcconfig */,
				694C965A7B9F3BC1A139D8D9 /* Pods-StoryIotDemoTests.release.xcconfig */,
			);
			path = Pods;
			sourceTree = "<group>";
		};
/* End PBXGroup section */

/* Begin PBXNativeTarget section */
		5C41A21C22A6656F0097BC99 /* StoryIotDemo */ = {
			isa = PBXNativeTarget;
			buildConfigurationList = 5C41A23A22A665730097BC99 /* Build configuration list for PBXNativeTarget "StoryIotDemo" */;
			buildPhases = (
				DA24CC61DFE0218B0AE322EE /* [CP] Check Pods Manifest.lock */,
				5C41A21922A6656F0097BC99 /* Sources */,
				5C41A21A22A6656F0097BC99 /* Frameworks */,
				5C41A21B22A6656F0097BC99 /* Resources */,
				138576AA34F6B4063A4A5B99 /* [CP] Embed Pods Frameworks */,
			);
			buildRules = (
			);
			dependencies = (
			);
			name = StoryIotDemo;
			productName = StoryIotDemo;
			productReference = 5C41A21D22A6656F0097BC99 /* StoryIotDemo.app */;
			productType = "com.apple.product-type.application";
		};
		5C41A23022A665730097BC99 /* StoryIotDemoTests */ = {
			isa = PBXNativeTarget;
			buildConfigurationList = 5C41A23D22A665730097BC99 /* Build configuration list for PBXNativeTarget "StoryIotDemoTests" */;
			buildPhases = (
				90EE9B842CDB2ED04A97A1C1 /* [CP] Check Pods Manifest.lock */,
				5C41A22D22A665730097BC99 /* Sources */,
				5C41A22E22A665730097BC99 /* Frameworks */,
				5C41A22F22A665730097BC99 /* Resources */,
			);
			buildRules = (
			);
			dependencies = (
				5C41A23322A665730097BC99 /* PBXTargetDependency */,
			);
			name = StoryIotDemoTests;
			productName = StoryIotDemoTests;
			productReference = 5C41A23122A665730097BC99 /* StoryIotDemoTests.xctest */;
			productType = "com.apple.product-type.bundle.unit-test";
		};
/* End PBXNativeTarget section */

/* Begin PBXProject section */
		5C41A21522A6656F0097BC99 /* Project object */ = {
			isa = PBXProject;
			attributes = {
				LastSwiftUpdateCheck = 1020;
				LastUpgradeCheck = 1020;
				ORGANIZATIONNAME = Breffi;
				TargetAttributes = {
					5C41A21C22A6656F0097BC99 = {
						CreatedOnToolsVersion = 10.2.1;
					};
					5C41A23022A665730097BC99 = {
						CreatedOnToolsVersion = 10.2.1;
						TestTargetID = 5C41A21C22A6656F0097BC99;
					};
				};
			};
			buildConfigurationList = 5C41A21822A6656F0097BC99 /* Build configuration list for PBXProject "StoryIotDemo" */;
			compatibilityVersion = "Xcode 9.3";
			developmentRegion = en;
			hasScannedForEncodings = 0;
			knownRegions = (
				en,
				Base,
			);
			mainGroup = 5C41A21422A6656F0097BC99;
			productRefGroup = 5C41A21E22A6656F0097BC99 /* Products */;
			projectDirPath = "";
			projectRoot = "";
			targets = (
				5C41A21C22A6656F0097BC99 /* StoryIotDemo */,
				5C41A23022A665730097BC99 /* StoryIotDemoTests */,
			);
		};
/* End PBXProject section */

/* Begin PBXResourcesBuildPhase section */
		5C41A21B22A6656F0097BC99 /* Resources */ = {
			isa = PBXResourcesBuildPhase;
			buildActionMask = 2147483647;
			files = (
				5C41A22B22A665720097BC99 /* LaunchScreen.storyboard in Resources */,
				5C41A22822A665720097BC99 /* Assets.xcassets in Resources */,
				5C41A22622A6656F0097BC99 /* Main.storyboard in Resources */,
				5C41A24222A6675E0097BC99 /* AuthCredentials.plist in Resources */,
			);
			runOnlyForDeploymentPostprocessing = 0;
		};
		5C41A22F22A665730097BC99 /* Resources */ = {
			isa = PBXResourcesBuildPhase;
			buildActionMask = 2147483647;
			files = (
			);
			runOnlyForDeploymentPostprocessing = 0;
		};
/* End PBXResourcesBuildPhase section */

/* Begin PBXShellScriptBuildPhase section */
		138576AA34F6B4063A4A5B99 /* [CP] Embed Pods Frameworks */ = {
			isa = PBXShellScriptBuildPhase;
			buildActionMask = 2147483647;
			files = (
			);
			inputFileListPaths = (
			);
			inputPaths = (
				"${PODS_ROOT}/Target Support Files/Pods-StoryIotDemo/Pods-StoryIotDemo-frameworks.sh",
				"${BUILT_PRODUCTS_DIR}/Alamofire/Alamofire.framework",
				"${BUILT_PRODUCTS_DIR}/StoryIoT/StoryIoT.framework",
			);
			name = "[CP] Embed Pods Frameworks";
			outputFileListPaths = (
			);
			outputPaths = (
				"${TARGET_BUILD_DIR}/${FRAMEWORKS_FOLDER_PATH}/Alamofire.framework",
				"${TARGET_BUILD_DIR}/${FRAMEWORKS_FOLDER_PATH}/StoryIoT.framework",
			);
			runOnlyForDeploymentPostprocessing = 0;
			shellPath = /bin/sh;
			shellScript = "\"${PODS_ROOT}/Target Support Files/Pods-StoryIotDemo/Pods-StoryIotDemo-frameworks.sh\"\n";
			showEnvVarsInLog = 0;
		};
		90EE9B842CDB2ED04A97A1C1 /* [CP] Check Pods Manifest.lock */ = {
			isa = PBXShellScriptBuildPhase;
			buildActionMask = 2147483647;
			files = (
			);
			inputFileListPaths = (
			);
			inputPaths = (
				"${PODS_PODFILE_DIR_PATH}/Podfile.lock",
				"${PODS_ROOT}/Manifest.lock",
			);
			name = "[CP] Check Pods Manifest.lock";
			outputFileListPaths = (
			);
			outputPaths = (
				"$(DERIVED_FILE_DIR)/Pods-StoryIotDemoTests-checkManifestLockResult.txt",
			);
			runOnlyForDeploymentPostprocessing = 0;
			shellPath = /bin/sh;
			shellScript = "diff \"${PODS_PODFILE_DIR_PATH}/Podfile.lock\" \"${PODS_ROOT}/Manifest.lock\" > /dev/null\nif [ $? != 0 ] ; then\n    # print error to STDERR\n    echo \"error: The sandbox is not in sync with the Podfile.lock. Run 'pod install' or update your CocoaPods installation.\" >&2\n    exit 1\nfi\n# This output is used by Xcode 'outputs' to avoid re-running this script phase.\necho \"SUCCESS\" > \"${SCRIPT_OUTPUT_FILE_0}\"\n";
			showEnvVarsInLog = 0;
		};
		DA24CC61DFE0218B0AE322EE /* [CP] Check Pods Manifest.lock */ = {
			isa = PBXShellScriptBuildPhase;
			buildActionMask = 2147483647;
			files = (
			);
			inputFileListPaths = (
			);
			inputPaths = (
				"${PODS_PODFILE_DIR_PATH}/Podfile.lock",
				"${PODS_ROOT}/Manifest.lock",
			);
			name = "[CP] Check Pods Manifest.lock";
			outputFileListPaths = (
			);
			outputPaths = (
				"$(DERIVED_FILE_DIR)/Pods-StoryIotDemo-checkManifestLockResult.txt",
			);
			runOnlyForDeploymentPostprocessing = 0;
			shellPath = /bin/sh;
			shellScript = "diff \"${PODS_PODFILE_DIR_PATH}/Podfile.lock\" \"${PODS_ROOT}/Manifest.lock\" > /dev/null\nif [ $? != 0 ] ; then\n    # print error to STDERR\n    echo \"error: The sandbox is not in sync with the Podfile.lock. Run 'pod install' or update your CocoaPods installation.\" >&2\n    exit 1\nfi\n# This output is used by Xcode 'outputs' to avoid re-running this script phase.\necho \"SUCCESS\" > \"${SCRIPT_OUTPUT_FILE_0}\"\n";
			showEnvVarsInLog = 0;
		};
/* End PBXShellScriptBuildPhase section */

/* Begin PBXSourcesBuildPhase section */
		5C41A21922A6656F0097BC99 /* Sources */ = {
			isa = PBXSourcesBuildPhase;
			buildActionMask = 2147483647;
			files = (
				5C41A22322A6656F0097BC99 /* ViewController.swift in Sources */,
				5C41A22122A6656F0097BC99 /* AppDelegate.swift in Sources */,
			);
			runOnlyForDeploymentPostprocessing = 0;
		};
		5C41A22D22A665730097BC99 /* Sources */ = {
			isa = PBXSourcesBuildPhase;
			buildActionMask = 2147483647;
			files = (
				5C41A23622A665730097BC99 /* StoryIotDemoTests.swift in Sources */,
			);
			runOnlyForDeploymentPostprocessing = 0;
		};
/* End PBXSourcesBuildPhase section */

/* Begin PBXTargetDependency section */
		5C41A23322A665730097BC99 /* PBXTargetDependency */ = {
			isa = PBXTargetDependency;
			target = 5C41A21C22A6656F0097BC99 /* StoryIotDemo */;
			targetProxy = 5C41A23222A665730097BC99 /* PBXContainerItemProxy */;
		};
/* End PBXTargetDependency section */

/* Begin PBXVariantGroup section */
		5C41A22422A6656F0097BC99 /* Main.storyboard */ = {
			isa = PBXVariantGroup;
			children = (
				5C41A22522A6656F0097BC99 /* Base */,
			);
			name = Main.storyboard;
			sourceTree = "<group>";
		};
		5C41A22922A665720097BC99 /* LaunchScreen.storyboard */ = {
			isa = PBXVariantGroup;
			children = (
				5C41A22A22A665720097BC99 /* Base */,
			);
			name = LaunchScreen.storyboard;
			sourceTree = "<group>";
		};
/* End PBXVariantGroup section */

/* Begin XCBuildConfiguration section */
		5C41A23822A665730097BC99 /* Debug */ = {
			isa = XCBuildConfiguration;
			buildSettings = {
				ALWAYS_SEARCH_USER_PATHS = NO;
				CLANG_ANALYZER_NONNULL = YES;
				CLANG_ANALYZER_NUMBER_OBJECT_CONVERSION = YES_AGGRESSIVE;
				CLANG_CXX_LANGUAGE_STANDARD = "gnu++14";
				CLANG_CXX_LIBRARY = "libc++";
				CLANG_ENABLE_MODULES = YES;
				CLANG_ENABLE_OBJC_ARC = YES;
				CLANG_ENABLE_OBJC_WEAK = YES;
				CLANG_WARN_BLOCK_CAPTURE_AUTORELEASING = YES;
				CLANG_WARN_BOOL_CONVERSION = YES;
				CLANG_WARN_COMMA = YES;
				CLANG_WARN_CONSTANT_CONVERSION = YES;
				CLANG_WARN_DEPRECATED_OBJC_IMPLEMENTATIONS = YES;
				CLANG_WARN_DIRECT_OBJC_ISA_USAGE = YES_ERROR;
				CLANG_WARN_DOCUMENTATION_COMMENTS = YES;
				CLANG_WARN_EMPTY_BODY = YES;
				CLANG_WARN_ENUM_CONVERSION = YES;
				CLANG_WARN_INFINITE_RECURSION = YES;
				CLANG_WARN_INT_CONVERSION = YES;
				CLANG_WARN_NON_LITERAL_NULL_CONVERSION = YES;
				CLANG_WARN_OBJC_IMPLICIT_RETAIN_SELF = YES;
				CLANG_WARN_OBJC_LITERAL_CONVERSION = YES;
				CLANG_WARN_OBJC_ROOT_CLASS = YES_ERROR;
				CLANG_WARN_RANGE_LOOP_ANALYSIS = YES;
				CLANG_WARN_STRICT_PROTOTYPES = YES;
				CLANG_WARN_SUSPICIOUS_MOVE = YES;
				CLANG_WARN_UNGUARDED_AVAILABILITY = YES_AGGRESSIVE;
				CLANG_WARN_UNREACHABLE_CODE = YES;
				CLANG_WARN__DUPLICATE_METHOD_MATCH = YES;
				CODE_SIGN_IDENTITY = "iPhone Developer";
				COPY_PHASE_STRIP = NO;
				DEBUG_INFORMATION_FORMAT = dwarf;
				ENABLE_STRICT_OBJC_MSGSEND = YES;
				ENABLE_TESTABILITY = YES;
				GCC_C_LANGUAGE_STANDARD = gnu11;
				GCC_DYNAMIC_NO_PIC = NO;
				GCC_NO_COMMON_BLOCKS = YES;
				GCC_OPTIMIZATION_LEVEL = 0;
				GCC_PREPROCESSOR_DEFINITIONS = (
					"DEBUG=1",
					"$(inherited)",
				);
				GCC_WARN_64_TO_32_BIT_CONVERSION = YES;
				GCC_WARN_ABOUT_RETURN_TYPE = YES_ERROR;
				GCC_WARN_UNDECLARED_SELECTOR = YES;
				GCC_WARN_UNINITIALIZED_AUTOS = YES_AGGRESSIVE;
				GCC_WARN_UNUSED_FUNCTION = YES;
				GCC_WARN_UNUSED_VARIABLE = YES;
				IPHONEOS_DEPLOYMENT_TARGET = 12.2;
				MTL_ENABLE_DEBUG_INFO = INCLUDE_SOURCE;
				MTL_FAST_MATH = YES;
				ONLY_ACTIVE_ARCH = YES;
				SDKROOT = iphoneos;
				SWIFT_ACTIVE_COMPILATION_CONDITIONS = DEBUG;
				SWIFT_OPTIMIZATION_LEVEL = "-Onone";
			};
			name = Debug;
		};
		5C41A23922A665730097BC99 /* Release */ = {
			isa = XCBuildConfiguration;
			buildSettings = {
				ALWAYS_SEARCH_USER_PATHS = NO;
				CLANG_ANALYZER_NONNULL = YES;
				CLANG_ANALYZER_NUMBER_OBJECT_CONVERSION = YES_AGGRESSIVE;
				CLANG_CXX_LANGUAGE_STANDARD = "gnu++14";
				CLANG_CXX_LIBRARY = "libc++";
				CLANG_ENABLE_MODULES = YES;
				CLANG_ENABLE_OBJC_ARC = YES;
				CLANG_ENABLE_OBJC_WEAK = YES;
				CLANG_WARN_BLOCK_CAPTURE_AUTORELEASING = YES;
				CLANG_WARN_BOOL_CONVERSION = YES;
				CLANG_WARN_COMMA = YES;
				CLANG_WARN_CONSTANT_CONVERSION = YES;
				CLANG_WARN_DEPRECATED_OBJC_IMPLEMENTATIONS = YES;
				CLANG_WARN_DIRECT_OBJC_ISA_USAGE = YES_ERROR;
				CLANG_WARN_DOCUMENTATION_COMMENTS = YES;
				CLANG_WARN_EMPTY_BODY = YES;
				CLANG_WARN_ENUM_CONVERSION = YES;
				CLANG_WARN_INFINITE_RECURSION = YES;
				CLANG_WARN_INT_CONVERSION = YES;
				CLANG_WARN_NON_LITERAL_NULL_CONVERSION = YES;
				CLANG_WARN_OBJC_IMPLICIT_RETAIN_SELF = YES;
				CLANG_WARN_OBJC_LITERAL_CONVERSION = YES;
				CLANG_WARN_OBJC_ROOT_CLASS = YES_ERROR;
				CLANG_WARN_RANGE_LOOP_ANALYSIS = YES;
				CLANG_WARN_STRICT_PROTOTYPES = YES;
				CLANG_WARN_SUSPICIOUS_MOVE = YES;
				CLANG_WARN_UNGUARDED_AVAILABILITY = YES_AGGRESSIVE;
				CLANG_WARN_UNREACHABLE_CODE = YES;
				CLANG_WARN__DUPLICATE_METHOD_MATCH = YES;
				CODE_SIGN_IDENTITY = "iPhone Developer";
				COPY_PHASE_STRIP = NO;
				DEBUG_INFORMATION_FORMAT = "dwarf-with-dsym";
				ENABLE_NS_ASSERTIONS = NO;
				ENABLE_STRICT_OBJC_MSGSEND = YES;
				GCC_C_LANGUAGE_STANDARD = gnu11;
				GCC_NO_COMMON_BLOCKS = YES;
				GCC_WARN_64_TO_32_BIT_CONVERSION = YES;
				GCC_WARN_ABOUT_RETURN_TYPE = YES_ERROR;
				GCC_WARN_UNDECLARED_SELECTOR = YES;
				GCC_WARN_UNINITIALIZED_AUTOS = YES_AGGRESSIVE;
				GCC_WARN_UNUSED_FUNCTION = YES;
				GCC_WARN_UNUSED_VARIABLE = YES;
				IPHONEOS_DEPLOYMENT_TARGET = 12.2;
				MTL_ENABLE_DEBUG_INFO = NO;
				MTL_FAST_MATH = YES;
				SDKROOT = iphoneos;
				SWIFT_COMPILATION_MODE = wholemodule;
				SWIFT_OPTIMIZATION_LEVEL = "-O";
				VALIDATE_PRODUCT = YES;
			};
			name = Release;
		};
		5C41A23B22A665730097BC99 /* Debug */ = {
			isa = XCBuildConfiguration;
			baseConfigurationReference = B55B3225F2E4605E26E61CE3 /* Pods-StoryIotDemo.debug.xcconfig */;
			buildSettings = {
				ASSETCATALOG_COMPILER_APPICON_NAME = AppIcon;
				CODE_SIGN_STYLE = Automatic;
				DEVELOPMENT_TEAM = ALBS6P5GL6;
				INFOPLIST_FILE = StoryIotDemo/Info.plist;
				LD_RUNPATH_SEARCH_PATHS = (
					"$(inherited)",
					"@executable_path/Frameworks",
				);
				PRODUCT_BUNDLE_IDENTIFIER = com.breffi.StoryIotDemo;
				PRODUCT_NAME = "$(TARGET_NAME)";
				SWIFT_VERSION = 5.0;
				TARGETED_DEVICE_FAMILY = "1,2";
			};
			name = Debug;
		};
		5C41A23C22A665730097BC99 /* Release */ = {
			isa = XCBuildConfiguration;
			baseConfigurationReference = 7EFAE58615B69C2D8882E240 /* Pods-StoryIotDemo.release.xcconfig */;
			buildSettings = {
				ASSETCATALOG_COMPILER_APPICON_NAME = AppIcon;
				CODE_SIGN_STYLE = Automatic;
				DEVELOPMENT_TEAM = ALBS6P5GL6;
				INFOPLIST_FILE = StoryIotDemo/Info.plist;
				LD_RUNPATH_SEARCH_PATHS = (
					"$(inherited)",
					"@executable_path/Frameworks",
				);
				PRODUCT_BUNDLE_IDENTIFIER = com.breffi.StoryIotDemo;
				PRODUCT_NAME = "$(TARGET_NAME)";
				SWIFT_VERSION = 5.0;
				TARGETED_DEVICE_FAMILY = "1,2";
			};
			name = Release;
		};
		5C41A23E22A665730097BC99 /* Debug */ = {
			isa = XCBuildConfiguration;
			baseConfigurationReference = 67D02BFBFA35168D835BD3C7 /* Pods-StoryIotDemoTests.debug.xcconfig */;
			buildSettings = {
				ALWAYS_EMBED_SWIFT_STANDARD_LIBRARIES = YES;
				BUNDLE_LOADER = "$(TEST_HOST)";
				CODE_SIGN_STYLE = Automatic;
				DEVELOPMENT_TEAM = ALBS6P5GL6;
				INFOPLIST_FILE = StoryIotDemoTests/Info.plist;
				LD_RUNPATH_SEARCH_PATHS = (
					"$(inherited)",
					"@executable_path/Frameworks",
					"@loader_path/Frameworks",
				);
				PRODUCT_BUNDLE_IDENTIFIER = com.breffi.StoryIotDemoTests;
				PRODUCT_NAME = "$(TARGET_NAME)";
				SWIFT_VERSION = 5.0;
				TARGETED_DEVICE_FAMILY = "1,2";
				TEST_HOST = "$(BUILT_PRODUCTS_DIR)/StoryIotDemo.app/StoryIotDemo";
			};
			name = Debug;
		};
		5C41A23F22A665730097BC99 /* Release */ = {
			isa = XCBuildConfiguration;
			baseConfigurationReference = 694C965A7B9F3BC1A139D8D9 /* Pods-StoryIotDemoTests.release.xcconfig */;
			buildSettings = {
				ALWAYS_EMBED_SWIFT_STANDARD_LIBRARIES = YES;
				BUNDLE_LOADER = "$(TEST_HOST)";
				CODE_SIGN_STYLE = Automatic;
				DEVELOPMENT_TEAM = ALBS6P5GL6;
				INFOPLIST_FILE = StoryIotDemoTests/Info.plist;
				LD_RUNPATH_SEARCH_PATHS = (
					"$(inherited)",
					"@executable_path/Frameworks",
					"@loader_path/Frameworks",
				);
				PRODUCT_BUNDLE_IDENTIFIER = com.breffi.StoryIotDemoTests;
				PRODUCT_NAME = "$(TARGET_NAME)";
				SWIFT_VERSION = 5.0;
				TARGETED_DEVICE_FAMILY = "1,2";
				TEST_HOST = "$(BUILT_PRODUCTS_DIR)/StoryIotDemo.app/StoryIotDemo";
			};
			name = Release;
		};
/* End XCBuildConfiguration section */

/* Begin XCConfigurationList section */
		5C41A21822A6656F0097BC99 /* Build configuration list for PBXProject "StoryIotDemo" */ = {
			isa = XCConfigurationList;
			buildConfigurations = (
				5C41A23822A665730097BC99 /* Debug */,
				5C41A23922A665730097BC99 /* Release */,
			);
			defaultConfigurationIsVisible = 0;
			defaultConfigurationName = Release;
		};
		5C41A23A22A665730097BC99 /* Build configuration list for PBXNativeTarget "StoryIotDemo" */ = {
			isa = XCConfigurationList;
			buildConfigurations = (
				5C41A23B22A665730097BC99 /* Debug */,
				5C41A23C22A665730097BC99 /* Release */,
			);
			defaultConfigurationIsVisible = 0;
			defaultConfigurationName = Release;
		};
		5C41A23D22A665730097BC99 /* Build configuration list for PBXNativeTarget "StoryIotDemoTests" */ = {
			isa = XCConfigurationList;
			buildConfigurations = (
				5C41A23E22A665730097BC99 /* Debug */,
				5C41A23F22A665730097BC99 /* Release */,
			);
			defaultConfigurationIsVisible = 0;
			defaultConfigurationName = Release;
		};
/* End XCConfigurationList section */
	};
	rootObject = 5C41A21522A6656F0097BC99 /* Project object */;
}
